github.com/theNewDynamic/gohugo-theme-ananke v0.0.0-20220610193657-470ea40982f5 h1:VGGhujiIbPAGTzunwhrs4AGzDU3//45crPtbN0iW+Ck=
github.com/theNewDynamic/gohugo-theme-ananke v0.0.0-20220610193657-470ea40982f5/go.mod h1:yY14BLqqh5G61rO81YcJKMHY1rClY5iIiUK+K2JKSUM=
github.com/yihui/hugo-xmin v0.0.0-20220119192825-50fc665d2a11 h1:Izhhz3C7gWE60t/gyuZgnXeYwBoMTe7EEvqQNkojzxc=
github.com/yihui/hugo-xmin v0.0.0-20220119192825-50fc665d2a11/go.mod h1:RiCR4psTF4iydlh4bR9BijKIHmivp7IeBaokx0CvzRA=
